
Microsoft Visual Studio Solution File, Format Version 12.00
# Visual Studio Version 16
VisualStudioVersion = 16.0.29905.134
MinimumVisualStudioVersion = 10.0.40219.1
Project("{FAE04EC0-301F-11D3-BF4B-00C04F79EFBC}") = "Shop.Server", "Shop\Server\Shop.Server.csproj", "{011A6AA6-F477-46C6-A9D5-962E914ED18E}"
EndProject
Project("{FAE04EC0-301F-11D3-BF4B-00C04F79EFBC}") = "Shop.Client", "Shop\Client\Shop.Client.csproj", "{7F2AC170-2037-4CB2-A689-2F0929C875D0}"
EndProject
Project("{FAE04EC0-301F-11D3-BF4B-00C04F79EFBC}") = "Shop.Shared", "Shop\Shared\Shop.Shared.csproj", "{759D0B9A-20D1-4B2B-9711-510122DF9899}"
EndProject
Global
	GlobalSection(SolutionConfigurationPlatforms) = preSolution
		Debug|Any CPU = Debug|Any CPU
		Release|Any CPU = Release|Any CPU
	EndGlobalSection
	GlobalSection(ProjectConfigurationPlatforms) = postSolution
		{011A6AA6-F477-46C6-A9D5-962E914ED18E}.Debug|Any CPU.ActiveCfg = Debug|Any CPU
		{011A6AA6-F477-46C6-A9D5-962E914ED18E}.Debug|Any CPU.Build.0 = Debug|Any CPU
		{011A6AA6-F477-46C6-A9D5-962E914ED18E}.Release|Any CPU.ActiveCfg = Release|Any CPU
		{011A6AA6-F477-46C6-A9D5-962E914ED18E}.Release|Any CPU.Build.0 = Release|Any CPU
		{7F2AC170-2037-4CB2-A689-2F0929C875D0}.Debug|Any CPU.ActiveCfg = Debug|Any CPU
		{7F2AC170-2037-4CB2-A689-2F0929C875D0}.Debug|Any CPU.Build.0 = Debug|Any CPU
		{7F2AC170-2037-4CB2-A689-2F0929C875D0}.Release|Any CPU.ActiveCfg = Release|Any CPU
		{7F2AC170-2037-4CB2-A689-2F0929C875D0}.Release|Any CPU.Build.0 = Release|Any CPU
		{759D0B9A-20D1-4B2B-9711-510122DF9899}.Debug|Any CPU.ActiveCfg = Debug|Any CPU
		{759D0B9A-20D1-4B2B-9711-510122DF9899}.Debug|Any CPU.Build.0 = Debug|Any CPU
		{759D0B9A-20D1-4B2B-9711-510122DF9899}.Release|Any CPU.ActiveCfg = Release|Any CPU
		{759D0B9A-20D1-4B2B-9711-510122DF9899}.Release|Any CPU.Build.0 = Release|Any CPU
	EndGlobalSection
	GlobalSection(SolutionProperties) = preSolution
		HideSolutionNode = FALSE
	EndGlobalSection
	GlobalSection(ExtensibilityGlobals) = postSolution
		SolutionGuid = {0506DE49-5C28-46B6-A00F-1003F688B32E}
	EndGlobalSection
EndGlobal
